// !$*UTF8*$!
{
	archiveVersion = 1;
	classes = {
	};
	objectVersion = 46;
	objects = {

/* Begin PBXBuildFile section */
		030ACA9F17021689000F5C62 /* Site.m in Sources */ = {isa = PBXBuildFile; fileRef = 030ACA9E17021688000F5C62 /* Site.m */; };
		030ACAA2170216ED000F5C62 /* Quest.m in Sources */ = {isa = PBXBuildFile; fileRef = 030ACAA1170216ED000F5C62 /* Quest.m */; };
		030ACAA517022C20000F5C62 /* DependenciesViewController.m in Sources */ = {isa = PBXBuildFile; fileRef = 030ACAA417022C20000F5C62 /* DependenciesViewController.m */; };
		03221D2B16FD6A740061A830 /* Game.m in Sources */ = {isa = PBXBuildFile; fileRef = 03221D2A16FD6A740061A830 /* Game.m */; };
		03221D3A16FD6A750061A830 /* Visit.m in Sources */ = {isa = PBXBuildFile; fileRef = 03221D3916FD6A750061A830 /* Visit.m */; };
		03221D3F16FD6AAB0061A830 /* CoreData.framework in Frameworks */ = {isa = PBXBuildFile; fileRef = 03221D3E16FD6AAB0061A830 /* CoreData.framework */; };
		03221D7716FD6C030061A830 /* Security.framework in Frameworks */ = {isa = PBXBuildFile; fileRef = 03221D7616FD6C030061A830 /* Security.framework */; };
		03221D7916FD6C0D0061A830 /* SystemConfiguration.framework in Frameworks */ = {isa = PBXBuildFile; fileRef = 03221D7816FD6C0D0061A830 /* SystemConfiguration.framework */; };
		03221D7B16FD6C150061A830 /* MobileCoreServices.framework in Frameworks */ = {isa = PBXBuildFile; fileRef = 03221D7A16FD6C140061A830 /* MobileCoreServices.framework */; };
		03221D8116FD78CD0061A830 /* CoreDataManager.m in Sources */ = {isa = PBXBuildFile; fileRef = 03221D8016FD78CD0061A830 /* CoreDataManager.m */; };
		03221D8416FD814B0061A830 /* User.m in Sources */ = {isa = PBXBuildFile; fileRef = 03221D8316FD814B0061A830 /* User.m */; };
		03221D8716FD865B0061A830 /* UserManager.m in Sources */ = {isa = PBXBuildFile; fileRef = 03221D8616FD865B0061A830 /* UserManager.m */; };
		0332100617027F9D00E8DB95 /* SidePanelViewController.m in Sources */ = {isa = PBXBuildFile; fileRef = 0332100517027F9D00E8DB95 /* SidePanelViewController.m */; };
		0332100917027FA700E8DB95 /* LeftViewController.m in Sources */ = {isa = PBXBuildFile; fileRef = 0332100817027FA700E8DB95 /* LeftViewController.m */; };
		0332100B17027FE100E8DB95 /* QuartzCore.framework in Frameworks */ = {isa = PBXBuildFile; fileRef = 0332100A17027FE100E8DB95 /* QuartzCore.framework */; };
		033210101702FC7900E8DB95 /* QuestCell.m in Sources */ = {isa = PBXBuildFile; fileRef = 0332100F1702FC7900E8DB95 /* QuestCell.m */; };
		033503F717030BAC00D98566 /* HighlightingTextView.m in Sources */ = {isa = PBXBuildFile; fileRef = 033503F617030BAC00D98566 /* HighlightingTextView.m */; };
		033503FC17030D2800D98566 /* MenuCell.m in Sources */ = {isa = PBXBuildFile; fileRef = 033503FB17030D2800D98566 /* MenuCell.m */; };
		033503FF170311E300D98566 /* cell_bg.png in Resources */ = {isa = PBXBuildFile; fileRef = 033503FE170311E300D98566 /* cell_bg.png */; };
		033504031703134A00D98566 /* map_icon.png in Resources */ = {isa = PBXBuildFile; fileRef = 033504021703134A00D98566 /* map_icon.png */; };
		03350408170316C100D98566 /* settings_icon.png in Resources */ = {isa = PBXBuildFile; fileRef = 03350406170316C100D98566 /* settings_icon.png */; };
		03350409170316C100D98566 /* settings_icon_white.png in Resources */ = {isa = PBXBuildFile; fileRef = 03350407170316C100D98566 /* settings_icon_white.png */; };
		035EDC1116F3EF74000D54BF /* QuestViewController.m in Sources */ = {isa = PBXBuildFile; fileRef = 035EDC1016F3EF73000D54BF /* QuestViewController.m */; };
		035EDC1416F3FA5C000D54BF /* RootViewController.m in Sources */ = {isa = PBXBuildFile; fileRef = 035EDC1316F3FA5C000D54BF /* RootViewController.m */; };
		035EDC1B16F44D41000D54BF /* Constants.m in Sources */ = {isa = PBXBuildFile; fileRef = 035EDC1A16F44D41000D54BF /* Constants.m */; };
		035EDC2616F50342000D54BF /* wow_icon_large.png in Resources */ = {isa = PBXBuildFile; fileRef = 035EDC2416F50342000D54BF /* wow_icon_large.png */; };
		035EDC2716F50342000D54BF /* wow_icon_small.png in Resources */ = {isa = PBXBuildFile; fileRef = 035EDC2516F50342000D54BF /* wow_icon_small.png */; };
		036FE4D1170FDC0B005E5CDE /* DataModel.xcdatamodeld in Sources */ = {isa = PBXBuildFile; fileRef = 036FE4CF170FDC0A005E5CDE /* DataModel.xcdatamodeld */; };
		037875D916F1ADA100F6195F /* SettingsViewController.m in Sources */ = {isa = PBXBuildFile; fileRef = 037875D816F1ADA100F6195F /* SettingsViewController.m */; };
		03836BF816FBDCFB004EED6B /* CoreLocation.framework in Frameworks */ = {isa = PBXBuildFile; fileRef = 03836BF716FBDCFB004EED6B /* CoreLocation.framework */; };
		03836BFA16FBE142004EED6B /* MapKit.framework in Frameworks */ = {isa = PBXBuildFile; fileRef = 03836BF916FBE142004EED6B /* MapKit.framework */; };
		03836BFD16FBE57F004EED6B /* MapViewController.m in Sources */ = {isa = PBXBuildFile; fileRef = 03836BFC16FBE57F004EED6B /* MapViewController.m */; };
		0384EEAD17123566009EEED6 /* GameManager.m in Sources */ = {isa = PBXBuildFile; fileRef = 0384EEAC17123566009EEED6 /* GameManager.m */; };
		0384EEB01713C9B5009EEED6 /* LocationManager.m in Sources */ = {isa = PBXBuildFile; fileRef = 0384EEAF1713C9B5009EEED6 /* LocationManager.m */; };
		0384EEB31713F4F4009EEED6 /* QuestDetailViewController.m in Sources */ = {isa = PBXBuildFile; fileRef = 0384EEB21713F4F4009EEED6 /* QuestDetailViewController.m */; };
		03BCE63416F11BBC00FCA1BF /* UIKit.framework in Frameworks */ = {isa = PBXBuildFile; fileRef = 03BCE63316F11BBC00FCA1BF /* UIKit.framework */; };
		03BCE63616F11BBC00FCA1BF /* Foundation.framework in Frameworks */ = {isa = PBXBuildFile; fileRef = 03BCE63516F11BBC00FCA1BF /* Foundation.framework */; };
		03BCE63816F11BBC00FCA1BF /* CoreGraphics.framework in Frameworks */ = {isa = PBXBuildFile; fileRef = 03BCE63716F11BBC00FCA1BF /* CoreGraphics.framework */; };
		03BCE63E16F11BBC00FCA1BF /* InfoPlist.strings in Resources */ = {isa = PBXBuildFile; fileRef = 03BCE63C16F11BBC00FCA1BF /* InfoPlist.strings */; };
		03BCE64016F11BBC00FCA1BF /* main.m in Sources */ = {isa = PBXBuildFile; fileRef = 03BCE63F16F11BBC00FCA1BF /* main.m */; };
		03BCE64416F11BBC00FCA1BF /* AppDelegate.m in Sources */ = {isa = PBXBuildFile; fileRef = 03BCE64316F11BBC00FCA1BF /* AppDelegate.m */; };
		03BCE64616F11BBC00FCA1BF /* Default.png in Resources */ = {isa = PBXBuildFile; fileRef = 03BCE64516F11BBC00FCA1BF /* Default.png */; };
		03BCE64816F11BBC00FCA1BF /* Default@2x.png in Resources */ = {isa = PBXBuildFile; fileRef = 03BCE64716F11BBC00FCA1BF /* Default@2x.png */; };
		03BCE64A16F11BBC00FCA1BF /* Default-568h@2x.png in Resources */ = {isa = PBXBuildFile; fileRef = 03BCE64916F11BBC00FCA1BF /* Default-568h@2x.png */; };
		03BCE64D16F11BBC00FCA1BF /* MainStoryboard.storyboard in Resources */ = {isa = PBXBuildFile; fileRef = 03BCE64B16F11BBC00FCA1BF /* MainStoryboard.storyboard */; };
		03BCE65016F11BBC00FCA1BF /* LoginViewController.m in Sources */ = {isa = PBXBuildFile; fileRef = 03BCE64F16F11BBC00FCA1BF /* LoginViewController.m */; };
		03BCE65216F11BBC00FCA1BF /* first.png in Resources */ = {isa = PBXBuildFile; fileRef = 03BCE65116F11BBC00FCA1BF /* first.png */; };
		03BCE65416F11BBC00FCA1BF /* first@2x.png in Resources */ = {isa = PBXBuildFile; fileRef = 03BCE65316F11BBC00FCA1BF /* first@2x.png */; };
		03BCE65916F11BBC00FCA1BF /* second.png in Resources */ = {isa = PBXBuildFile; fileRef = 03BCE65816F11BBC00FCA1BF /* second.png */; };
		03BCE65B16F11BBC00FCA1BF /* second@2x.png in Resources */ = {isa = PBXBuildFile; fileRef = 03BCE65A16F11BBC00FCA1BF /* second@2x.png */; };
		03BCE66316F11BBC00FCA1BF /* SenTestingKit.framework in Frameworks */ = {isa = PBXBuildFile; fileRef = 03BCE66216F11BBC00FCA1BF /* SenTestingKit.framework */; };
		03BCE66416F11BBC00FCA1BF /* UIKit.framework in Frameworks */ = {isa = PBXBuildFile; fileRef = 03BCE63316F11BBC00FCA1BF /* UIKit.framework */; };
		03BCE66516F11BBC00FCA1BF /* Foundation.framework in Frameworks */ = {isa = PBXBuildFile; fileRef = 03BCE63516F11BBC00FCA1BF /* Foundation.framework */; };
		03BCE66D16F11BBC00FCA1BF /* InfoPlist.strings in Resources */ = {isa = PBXBuildFile; fileRef = 03BCE66B16F11BBC00FCA1BF /* InfoPlist.strings */; };
		03BCE67016F11BBC00FCA1BF /* enQuestTests.m in Sources */ = {isa = PBXBuildFile; fileRef = 03BCE66F16F11BBC00FCA1BF /* enQuestTests.m */; };
		03CDC6E316FE50780088D16C /* DraftViewController.m in Sources */ = {isa = PBXBuildFile; fileRef = 03CDC6E216FE50780088D16C /* DraftViewController.m */; };
		03CDC6EA16FE6DFD0088D16C /* DraftEditorViewController.m in Sources */ = {isa = PBXBuildFile; fileRef = 03CDC6E916FE6DFC0088D16C /* DraftEditorViewController.m */; };
		03CDC6ED16FE77DF0088D16C /* DraftSitesViewController.m in Sources */ = {isa = PBXBuildFile; fileRef = 03CDC6EC16FE77DF0088D16C /* DraftSitesViewController.m */; };
		03CDC6F016FEA15D0088D16C /* TextFieldInputViewController.m in Sources */ = {isa = PBXBuildFile; fileRef = 03CDC6EF16FEA15B0088D16C /* TextFieldInputViewController.m */; };
		03FBB045170118DD001E2414 /* SiteEditorViewController.m in Sources */ = {isa = PBXBuildFile; fileRef = 03FBB044170118DD001E2414 /* SiteEditorViewController.m */; };
		03FBB05D17016928001E2414 /* draft_icon.png in Resources */ = {isa = PBXBuildFile; fileRef = 03FBB05C17016928001E2414 /* draft_icon.png */; };
		03FBB061170169E0001E2414 /* quests_icon.png in Resources */ = {isa = PBXBuildFile; fileRef = 03FBB060170169E0001E2414 /* quests_icon.png */; };
		FCADF620B9BF4452A27C8000 /* libPods.a in Frameworks */ = {isa = PBXBuildFile; fileRef = D5D5FF424B1A4D55A5D67273 /* libPods.a */; };
/* End PBXBuildFile section */

/* Begin PBXContainerItemProxy section */
		03BCE66616F11BBC00FCA1BF /* PBXContainerItemProxy */ = {
			isa = PBXContainerItemProxy;
			containerPortal = 03BCE62816F11BBC00FCA1BF /* Project object */;
			proxyType = 1;
			remoteGlobalIDString = 03BCE62F16F11BBC00FCA1BF;
			remoteInfo = enQuest;
		};
/* End PBXContainerItemProxy section */

/* Begin PBXFileReference section */
		030ACA9D17021687000F5C62 /* Site.h */ = {isa = PBXFileReference; fileEncoding = 4; lastKnownFileType = sourcecode.c.h; path = Site.h; sourceTree = "<group>"; };
		030ACA9E17021688000F5C62 /* Site.m */ = {isa = PBXFileReference; fileEncoding = 4; lastKnownFileType = sourcecode.c.objc; path = Site.m; sourceTree = "<group>"; };
		030ACAA0170216ED000F5C62 /* Quest.h */ = {isa = PBXFileReference; fileEncoding = 4; lastKnownFileType = sourcecode.c.h; path = Quest.h; sourceTree = "<group>"; };
		030ACAA1170216ED000F5C62 /* Quest.m */ = {isa = PBXFileReference; fileEncoding = 4; lastKnownFileType = sourcecode.c.objc; path = Quest.m; sourceTree = "<group>"; };
		030ACAA317022C1F000F5C62 /* DependenciesViewController.h */ = {isa = PBXFileReference; fileEncoding = 4; lastKnownFileType = sourcecode.c.h; path = DependenciesViewController.h; sourceTree = "<group>"; };
		030ACAA417022C20000F5C62 /* DependenciesViewController.m */ = {isa = PBXFileReference; fileEncoding = 4; lastKnownFileType = sourcecode.c.objc; path = DependenciesViewController.m; sourceTree = "<group>"; };
		03221D2916FD6A740061A830 /* Game.h */ = {isa = PBXFileReference; fileEncoding = 4; lastKnownFileType = sourcecode.c.h; path = Game.h; sourceTree = "<group>"; };
		03221D2A16FD6A740061A830 /* Game.m */ = {isa = PBXFileReference; fileEncoding = 4; lastKnownFileType = sourcecode.c.objc; path = Game.m; sourceTree = "<group>"; };
		03221D3816FD6A750061A830 /* Visit.h */ = {isa = PBXFileReference; fileEncoding = 4; lastKnownFileType = sourcecode.c.h; path = Visit.h; sourceTree = "<group>"; };
		03221D3916FD6A750061A830 /* Visit.m */ = {isa = PBXFileReference; fileEncoding = 4; lastKnownFileType = sourcecode.c.objc; path = Visit.m; sourceTree = "<group>"; };
		03221D3E16FD6AAB0061A830 /* CoreData.framework */ = {isa = PBXFileReference; lastKnownFileType = wrapper.framework; name = CoreData.framework; path = System/Library/Frameworks/CoreData.framework; sourceTree = SDKROOT; };
		03221D7616FD6C030061A830 /* Security.framework */ = {isa = PBXFileReference; lastKnownFileType = wrapper.framework; name = Security.framework; path = System/Library/Frameworks/Security.framework; sourceTree = SDKROOT; };
		03221D7816FD6C0D0061A830 /* SystemConfiguration.framework */ = {isa = PBXFileReference; lastKnownFileType = wrapper.framework; name = SystemConfiguration.framework; path = System/Library/Frameworks/SystemConfiguration.framework; sourceTree = SDKROOT; };
		03221D7A16FD6C140061A830 /* MobileCoreServices.framework */ = {isa = PBXFileReference; lastKnownFileType = wrapper.framework; name = MobileCoreServices.framework; path = System/Library/Frameworks/MobileCoreServices.framework; sourceTree = SDKROOT; };
		03221D7F16FD78CD0061A830 /* CoreDataManager.h */ = {isa = PBXFileReference; fileEncoding = 4; lastKnownFileType = sourcecode.c.h; path = CoreDataManager.h; sourceTree = "<group>"; };
		03221D8016FD78CD0061A830 /* CoreDataManager.m */ = {isa = PBXFileReference; fileEncoding = 4; lastKnownFileType = sourcecode.c.objc; path = CoreDataManager.m; sourceTree = "<group>"; };
		03221D8216FD814B0061A830 /* User.h */ = {isa = PBXFileReference; fileEncoding = 4; lastKnownFileType = sourcecode.c.h; path = User.h; sourceTree = "<group>"; };
		03221D8316FD814B0061A830 /* User.m */ = {isa = PBXFileReference; fileEncoding = 4; lastKnownFileType = sourcecode.c.objc; path = User.m; sourceTree = "<group>"; };
		03221D8516FD865B0061A830 /* UserManager.h */ = {isa = PBXFileReference; fileEncoding = 4; lastKnownFileType = sourcecode.c.h; path = UserManager.h; sourceTree = "<group>"; };
		03221D8616FD865B0061A830 /* UserManager.m */ = {isa = PBXFileReference; fileEncoding = 4; lastKnownFileType = sourcecode.c.objc; path = UserManager.m; sourceTree = "<group>"; };
		0332100417027F9D00E8DB95 /* SidePanelViewController.h */ = {isa = PBXFileReference; fileEncoding = 4; lastKnownFileType = sourcecode.c.h; path = SidePanelViewController.h; sourceTree = "<group>"; };
		0332100517027F9D00E8DB95 /* SidePanelViewController.m */ = {isa = PBXFileReference; fileEncoding = 4; lastKnownFileType = sourcecode.c.objc; path = SidePanelViewController.m; sourceTree = "<group>"; };
		0332100717027FA700E8DB95 /* LeftViewController.h */ = {isa = PBXFileReference; fileEncoding = 4; lastKnownFileType = sourcecode.c.h; path = LeftViewController.h; sourceTree = "<group>"; };
		0332100817027FA700E8DB95 /* LeftViewController.m */ = {isa = PBXFileReference; fileEncoding = 4; lastKnownFileType = sourcecode.c.objc; path = LeftViewController.m; sourceTree = "<group>"; };
		0332100A17027FE100E8DB95 /* QuartzCore.framework */ = {isa = PBXFileReference; lastKnownFileType = wrapper.framework; name = QuartzCore.framework; path = System/Library/Frameworks/QuartzCore.framework; sourceTree = SDKROOT; };
		0332100E1702FC7900E8DB95 /* QuestCell.h */ = {isa = PBXFileReference; fileEncoding = 4; lastKnownFileType = sourcecode.c.h; path = QuestCell.h; sourceTree = "<group>"; };
		0332100F1702FC7900E8DB95 /* QuestCell.m */ = {isa = PBXFileReference; fileEncoding = 4; lastKnownFileType = sourcecode.c.objc; path = QuestCell.m; sourceTree = "<group>"; };
		033503F517030BAC00D98566 /* HighlightingTextView.h */ = {isa = PBXFileReference; fileEncoding = 4; lastKnownFileType = sourcecode.c.h; path = HighlightingTextView.h; sourceTree = "<group>"; };
		033503F617030BAC00D98566 /* HighlightingTextView.m */ = {isa = PBXFileReference; fileEncoding = 4; lastKnownFileType = sourcecode.c.objc; path = HighlightingTextView.m; sourceTree = "<group>"; };
		033503FA17030D2800D98566 /* MenuCell.h */ = {isa = PBXFileReference; fileEncoding = 4; lastKnownFileType = sourcecode.c.h; path = MenuCell.h; sourceTree = "<group>"; };
		033503FB17030D2800D98566 /* MenuCell.m */ = {isa = PBXFileReference; fileEncoding = 4; lastKnownFileType = sourcecode.c.objc; path = MenuCell.m; sourceTree = "<group>"; };
		033503FE170311E300D98566 /* cell_bg.png */ = {isa = PBXFileReference; lastKnownFileType = image.png; path = cell_bg.png; sourceTree = "<group>"; };
		033504021703134A00D98566 /* map_icon.png */ = {isa = PBXFileReference; lastKnownFileType = image.png; path = map_icon.png; sourceTree = "<group>"; };
		03350406170316C100D98566 /* settings_icon.png */ = {isa = PBXFileReference; lastKnownFileType = image.png; path = settings_icon.png; sourceTree = "<group>"; };
		03350407170316C100D98566 /* settings_icon_white.png */ = {isa = PBXFileReference; lastKnownFileType = image.png; path = settings_icon_white.png; sourceTree = "<group>"; };
		035EDC0F16F3EF73000D54BF /* QuestViewController.h */ = {isa = PBXFileReference; fileEncoding = 4; lastKnownFileType = sourcecode.c.h; path = QuestViewController.h; sourceTree = "<group>"; };
		035EDC1016F3EF73000D54BF /* QuestViewController.m */ = {isa = PBXFileReference; fileEncoding = 4; lastKnownFileType = sourcecode.c.objc; path = QuestViewController.m; sourceTree = "<group>"; };
		035EDC1216F3FA5B000D54BF /* RootViewController.h */ = {isa = PBXFileReference; fileEncoding = 4; lastKnownFileType = sourcecode.c.h; path = RootViewController.h; sourceTree = "<group>"; };
		035EDC1316F3FA5C000D54BF /* RootViewController.m */ = {isa = PBXFileReference; fileEncoding = 4; lastKnownFileType = sourcecode.c.objc; path = RootViewController.m; sourceTree = "<group>"; };
		035EDC1516F42CA2000D54BF /* Constants.h */ = {isa = PBXFileReference; fileEncoding = 4; lastKnownFileType = sourcecode.c.h; lineEnding = 0; path = Constants.h; sourceTree = "<group>"; xcLanguageSpecificationIdentifier = xcode.lang.objcpp; };
		035EDC1A16F44D41000D54BF /* Constants.m */ = {isa = PBXFileReference; fileEncoding = 4; lastKnownFileType = sourcecode.c.objc; lineEnding = 0; path = Constants.m; sourceTree = "<group>"; xcLanguageSpecificationIdentifier = xcode.lang.objc; };
		035EDC2416F50342000D54BF /* wow_icon_large.png */ = {isa = PBXFileReference; lastKnownFileType = image.png; path = wow_icon_large.png; sourceTree = "<group>"; };
		035EDC2516F50342000D54BF /* wow_icon_small.png */ = {isa = PBXFileReference; lastKnownFileType = image.png; path = wow_icon_small.png; sourceTree = "<group>"; };
		036FE4D0170FDC0B005E5CDE /* DataModel.xcdatamodel */ = {isa = PBXFileReference; lastKnownFileType = wrapper.xcdatamodel; path = DataModel.xcdatamodel; sourceTree = "<group>"; };
		037875D716F1ADA000F6195F /* SettingsViewController.h */ = {isa = PBXFileReference; fileEncoding = 4; lastKnownFileType = sourcecode.c.h; path = SettingsViewController.h; sourceTree = "<group>"; };
		037875D816F1ADA100F6195F /* SettingsViewController.m */ = {isa = PBXFileReference; fileEncoding = 4; lastKnownFileType = sourcecode.c.objc; path = SettingsViewController.m; sourceTree = "<group>"; };
		03836BF716FBDCFB004EED6B /* CoreLocation.framework */ = {isa = PBXFileReference; lastKnownFileType = wrapper.framework; name = CoreLocation.framework; path = System/Library/Frameworks/CoreLocation.framework; sourceTree = SDKROOT; };
		03836BF916FBE142004EED6B /* MapKit.framework */ = {isa = PBXFileReference; lastKnownFileType = wrapper.framework; name = MapKit.framework; path = System/Library/Frameworks/MapKit.framework; sourceTree = SDKROOT; };
		03836BFB16FBE57F004EED6B /* MapViewController.h */ = {isa = PBXFileReference; fileEncoding = 4; lastKnownFileType = sourcecode.c.h; path = MapViewController.h; sourceTree = "<group>"; };
		03836BFC16FBE57F004EED6B /* MapViewController.m */ = {isa = PBXFileReference; fileEncoding = 4; lastKnownFileType = sourcecode.c.objc; path = MapViewController.m; sourceTree = "<group>"; };
		0384EEAB17123566009EEED6 /* GameManager.h */ = {isa = PBXFileReference; fileEncoding = 4; lastKnownFileType = sourcecode.c.h; path = GameManager.h; sourceTree = "<group>"; };
		0384EEAC17123566009EEED6 /* GameManager.m */ = {isa = PBXFileReference; fileEncoding = 4; lastKnownFileType = sourcecode.c.objc; path = GameManager.m; sourceTree = "<group>"; };
		0384EEAE1713C9B5009EEED6 /* LocationManager.h */ = {isa = PBXFileReference; fileEncoding = 4; lastKnownFileType = sourcecode.c.h; path = LocationManager.h; sourceTree = "<group>"; };
		0384EEAF1713C9B5009EEED6 /* LocationManager.m */ = {isa = PBXFileReference; fileEncoding = 4; lastKnownFileType = sourcecode.c.objc; path = LocationManager.m; sourceTree = "<group>"; };
		0384EEB11713F4F4009EEED6 /* QuestDetailViewController.h */ = {isa = PBXFileReference; fileEncoding = 4; lastKnownFileType = sourcecode.c.h; path = QuestDetailViewController.h; sourceTree = "<group>"; };
		0384EEB21713F4F4009EEED6 /* QuestDetailViewController.m */ = {isa = PBXFileReference; fileEncoding = 4; lastKnownFileType = sourcecode.c.objc; path = QuestDetailViewController.m; sourceTree = "<group>"; };
		03BCE63016F11BBC00FCA1BF /* enQuest.app */ = {isa = PBXFileReference; explicitFileType = wrapper.application; includeInIndex = 0; path = enQuest.app; sourceTree = BUILT_PRODUCTS_DIR; };
		03BCE63316F11BBC00FCA1BF /* UIKit.framework */ = {isa = PBXFileReference; lastKnownFileType = wrapper.framework; name = UIKit.framework; path = System/Library/Frameworks/UIKit.framework; sourceTree = SDKROOT; };
		03BCE63516F11BBC00FCA1BF /* Foundation.framework */ = {isa = PBXFileReference; lastKnownFileType = wrapper.framework; name = Foundation.framework; path = System/Library/Frameworks/Foundation.framework; sourceTree = SDKROOT; };
		03BCE63716F11BBC00FCA1BF /* CoreGraphics.framework */ = {isa = PBXFileReference; lastKnownFileType = wrapper.framework; name = CoreGraphics.framework; path = System/Library/Frameworks/CoreGraphics.framework; sourceTree = SDKROOT; };
		03BCE63B16F11BBC00FCA1BF /* enQuest-Info.plist */ = {isa = PBXFileReference; lastKnownFileType = text.plist.xml; path = "enQuest-Info.plist"; sourceTree = "<group>"; };
		03BCE63D16F11BBC00FCA1BF /* en */ = {isa = PBXFileReference; lastKnownFileType = text.plist.strings; name = en; path = en.lproj/InfoPlist.strings; sourceTree = "<group>"; };
		03BCE63F16F11BBC00FCA1BF /* main.m */ = {isa = PBXFileReference; lastKnownFileType = sourcecode.c.objc; path = main.m; sourceTree = "<group>"; };
		03BCE64116F11BBC00FCA1BF /* enQuest-Prefix.pch */ = {isa = PBXFileReference; lastKnownFileType = sourcecode.c.h; path = "enQuest-Prefix.pch"; sourceTree = "<group>"; };
		03BCE64216F11BBC00FCA1BF /* AppDelegate.h */ = {isa = PBXFileReference; lastKnownFileType = sourcecode.c.h; path = AppDelegate.h; sourceTree = "<group>"; };
		03BCE64316F11BBC00FCA1BF /* AppDelegate.m */ = {isa = PBXFileReference; lastKnownFileType = sourcecode.c.objc; path = AppDelegate.m; sourceTree = "<group>"; };
		03BCE64516F11BBC00FCA1BF /* Default.png */ = {isa = PBXFileReference; lastKnownFileType = image.png; path = Default.png; sourceTree = "<group>"; };
		03BCE64716F11BBC00FCA1BF /* Default@2x.png */ = {isa = PBXFileReference; lastKnownFileType = image.png; path = "Default@2x.png"; sourceTree = "<group>"; };
		03BCE64916F11BBC00FCA1BF /* Default-568h@2x.png */ = {isa = PBXFileReference; lastKnownFileType = image.png; path = "Default-568h@2x.png"; sourceTree = "<group>"; };
		03BCE64C16F11BBC00FCA1BF /* en */ = {isa = PBXFileReference; lastKnownFileType = file.storyboard; name = en; path = en.lproj/MainStoryboard.storyboard; sourceTree = "<group>"; };
		03BCE64E16F11BBC00FCA1BF /* LoginViewController.h */ = {isa = PBXFileReference; lastKnownFileType = sourcecode.c.h; path = LoginViewController.h; sourceTree = "<group>"; };
		03BCE64F16F11BBC00FCA1BF /* LoginViewController.m */ = {isa = PBXFileReference; lastKnownFileType = sourcecode.c.objc; path = LoginViewController.m; sourceTree = "<group>"; };
		03BCE65116F11BBC00FCA1BF /* first.png */ = {isa = PBXFileReference; lastKnownFileType = image.png; path = first.png; sourceTree = "<group>"; };
		03BCE65316F11BBC00FCA1BF /* first@2x.png */ = {isa = PBXFileReference; lastKnownFileType = image.png; path = "first@2x.png"; sourceTree = "<group>"; };
		03BCE65816F11BBC00FCA1BF /* second.png */ = {isa = PBXFileReference; lastKnownFileType = image.png; path = second.png; sourceTree = "<group>"; };
		03BCE65A16F11BBC00FCA1BF /* second@2x.png */ = {isa = PBXFileReference; lastKnownFileType = image.png; path = "second@2x.png"; sourceTree = "<group>"; };
		03BCE66116F11BBC00FCA1BF /* enQuestTests.octest */ = {isa = PBXFileReference; explicitFileType = wrapper.cfbundle; includeInIndex = 0; path = enQuestTests.octest; sourceTree = BUILT_PRODUCTS_DIR; };
		03BCE66216F11BBC00FCA1BF /* SenTestingKit.framework */ = {isa = PBXFileReference; lastKnownFileType = wrapper.framework; name = SenTestingKit.framework; path = Library/Frameworks/SenTestingKit.framework; sourceTree = DEVELOPER_DIR; };
		03BCE66A16F11BBC00FCA1BF /* enQuestTests-Info.plist */ = {isa = PBXFileReference; lastKnownFileType = text.plist.xml; path = "enQuestTests-Info.plist"; sourceTree = "<group>"; };
		03BCE66C16F11BBC00FCA1BF /* en */ = {isa = PBXFileReference; lastKnownFileType = text.plist.strings; name = en; path = en.lproj/InfoPlist.strings; sourceTree = "<group>"; };
		03BCE66E16F11BBC00FCA1BF /* enQuestTests.h */ = {isa = PBXFileReference; lastKnownFileType = sourcecode.c.h; path = enQuestTests.h; sourceTree = "<group>"; };
		03BCE66F16F11BBC00FCA1BF /* enQuestTests.m */ = {isa = PBXFileReference; lastKnownFileType = sourcecode.c.objc; path = enQuestTests.m; sourceTree = "<group>"; };
		03BCE68716F1333700FCA1BF /* SYNTHESIZE_GOD.h */ = {isa = PBXFileReference; fileEncoding = 4; lastKnownFileType = sourcecode.c.h; path = SYNTHESIZE_GOD.h; sourceTree = "<group>"; };
		03CDC6E116FE50780088D16C /* DraftViewController.h */ = {isa = PBXFileReference; fileEncoding = 4; lastKnownFileType = sourcecode.c.h; path = DraftViewController.h; sourceTree = "<group>"; };
		03CDC6E216FE50780088D16C /* DraftViewController.m */ = {isa = PBXFileReference; fileEncoding = 4; lastKnownFileType = sourcecode.c.objc; path = DraftViewController.m; sourceTree = "<group>"; };
		03CDC6E416FE56000088D16C /* CoreDataMacros.h */ = {isa = PBXFileReference; lastKnownFileType = sourcecode.c.h; path = CoreDataMacros.h; sourceTree = "<group>"; };
		03CDC6E816FE6DFC0088D16C /* DraftEditorViewController.h */ = {isa = PBXFileReference; fileEncoding = 4; lastKnownFileType = sourcecode.c.h; path = DraftEditorViewController.h; sourceTree = "<group>"; };
		03CDC6E916FE6DFC0088D16C /* DraftEditorViewController.m */ = {isa = PBXFileReference; fileEncoding = 4; lastKnownFileType = sourcecode.c.objc; path = DraftEditorViewController.m; sourceTree = "<group>"; };
		03CDC6EB16FE77DE0088D16C /* DraftSitesViewController.h */ = {isa = PBXFileReference; fileEncoding = 4; lastKnownFileType = sourcecode.c.h; path = DraftSitesViewController.h; sourceTree = "<group>"; };
		03CDC6EC16FE77DF0088D16C /* DraftSitesViewController.m */ = {isa = PBXFileReference; fileEncoding = 4; lastKnownFileType = sourcecode.c.objc; path = DraftSitesViewController.m; sourceTree = "<group>"; };
		03CDC6EE16FEA15A0088D16C /* TextFieldInputViewController.h */ = {isa = PBXFileReference; fileEncoding = 4; lastKnownFileType = sourcecode.c.h; path = TextFieldInputViewController.h; sourceTree = "<group>"; };
		03CDC6EF16FEA15B0088D16C /* TextFieldInputViewController.m */ = {isa = PBXFileReference; fileEncoding = 4; lastKnownFileType = sourcecode.c.objc; path = TextFieldInputViewController.m; sourceTree = "<group>"; };
		03FBB043170118DD001E2414 /* SiteEditorViewController.h */ = {isa = PBXFileReference; fileEncoding = 4; lastKnownFileType = sourcecode.c.h; path = SiteEditorViewController.h; sourceTree = "<group>"; };
		03FBB044170118DD001E2414 /* SiteEditorViewController.m */ = {isa = PBXFileReference; fileEncoding = 4; lastKnownFileType = sourcecode.c.objc; path = SiteEditorViewController.m; sourceTree = "<group>"; };
		03FBB05C17016928001E2414 /* draft_icon.png */ = {isa = PBXFileReference; lastKnownFileType = image.png; path = draft_icon.png; sourceTree = "<group>"; };
		03FBB060170169E0001E2414 /* quests_icon.png */ = {isa = PBXFileReference; lastKnownFileType = image.png; path = quests_icon.png; sourceTree = "<group>"; };
		6FE4DD4F0F704D73AACE9D16 /* Pods.xcconfig */ = {isa = PBXFileReference; includeInIndex = 1; lastKnownFileType = text.xcconfig; name = Pods.xcconfig; path = Pods/Pods.xcconfig; sourceTree = SOURCE_ROOT; };
		D5D5FF424B1A4D55A5D67273 /* libPods.a */ = {isa = PBXFileReference; explicitFileType = archive.ar; includeInIndex = 0; path = libPods.a; sourceTree = BUILT_PRODUCTS_DIR; };
/* End PBXFileReference section */

/* Begin PBXFrameworksBuildPhase section */
		03BCE62D16F11BBC00FCA1BF /* Frameworks */ = {
			isa = PBXFrameworksBuildPhase;
			buildActionMask = 2147483647;
			files = (
				0332100B17027FE100E8DB95 /* QuartzCore.framework in Frameworks */,
				03221D7B16FD6C150061A830 /* MobileCoreServices.framework in Frameworks */,
				03221D7916FD6C0D0061A830 /* SystemConfiguration.framework in Frameworks */,
				03221D7716FD6C030061A830 /* Security.framework in Frameworks */,
				03221D3F16FD6AAB0061A830 /* CoreData.framework in Frameworks */,
				03836BFA16FBE142004EED6B /* MapKit.framework in Frameworks */,
				03836BF816FBDCFB004EED6B /* CoreLocation.framework in Frameworks */,
				03BCE63416F11BBC00FCA1BF /* UIKit.framework in Frameworks */,
				03BCE63616F11BBC00FCA1BF /* Foundation.framework in Frameworks */,
				03BCE63816F11BBC00FCA1BF /* CoreGraphics.framework in Frameworks */,
				FCADF620B9BF4452A27C8000 /* libPods.a in Frameworks */,
			);
			runOnlyForDeploymentPostprocessing = 0;
		};
		03BCE65D16F11BBC00FCA1BF /* Frameworks */ = {
			isa = PBXFrameworksBuildPhase;
			buildActionMask = 2147483647;
			files = (
				03BCE66316F11BBC00FCA1BF /* SenTestingKit.framework in Frameworks */,
				03BCE66416F11BBC00FCA1BF /* UIKit.framework in Frameworks */,
				03BCE66516F11BBC00FCA1BF /* Foundation.framework in Frameworks */,
			);
			runOnlyForDeploymentPostprocessing = 0;
		};
/* End PBXFrameworksBuildPhase section */

/* Begin PBXGroup section */
		032C739E16FC2A7800840696 /* Data Models */ = {
			isa = PBXGroup;
			children = (
				03221D8216FD814B0061A830 /* User.h */,
				03221D8316FD814B0061A830 /* User.m */,
				030ACAA0170216ED000F5C62 /* Quest.h */,
				030ACAA1170216ED000F5C62 /* Quest.m */,
				030ACA9D17021687000F5C62 /* Site.h */,
				030ACA9E17021688000F5C62 /* Site.m */,
				03221D3816FD6A750061A830 /* Visit.h */,
				03221D3916FD6A750061A830 /* Visit.m */,
				03221D2916FD6A740061A830 /* Game.h */,
				03221D2A16FD6A740061A830 /* Game.m */,
			);
			name = "Data Models";
			sourceTree = "<group>";
		};
		033503FD17030D3200D98566 /* Custom UI Elements */ = {
			isa = PBXGroup;
			children = (
				0332100E1702FC7900E8DB95 /* QuestCell.h */,
				0332100F1702FC7900E8DB95 /* QuestCell.m */,
				033503F517030BAC00D98566 /* HighlightingTextView.h */,
				033503F617030BAC00D98566 /* HighlightingTextView.m */,
				033503FA17030D2800D98566 /* MenuCell.h */,
				033503FB17030D2800D98566 /* MenuCell.m */,
			);
			name = "Custom UI Elements";
			sourceTree = "<group>";
		};
		035EDC0C16F2F84B000D54BF /* Helpers */ = {
			isa = PBXGroup;
			children = (
				03221D8516FD865B0061A830 /* UserManager.h */,
				03221D8616FD865B0061A830 /* UserManager.m */,
				03221D7F16FD78CD0061A830 /* CoreDataManager.h */,
				03221D8016FD78CD0061A830 /* CoreDataManager.m */,
			);
			name = Helpers;
			sourceTree = "<group>";
		};
		0384EEA8171234F3009EEED6 /* Gameplay */ = {
			isa = PBXGroup;
			children = (
				0384EEAB17123566009EEED6 /* GameManager.h */,
				0384EEAC17123566009EEED6 /* GameManager.m */,
				0384EEAE1713C9B5009EEED6 /* LocationManager.h */,
				0384EEAF1713C9B5009EEED6 /* LocationManager.m */,
				035EDC0F16F3EF73000D54BF /* QuestViewController.h */,
				035EDC1016F3EF73000D54BF /* QuestViewController.m */,
				0384EEB11713F4F4009EEED6 /* QuestDetailViewController.h */,
				0384EEB21713F4F4009EEED6 /* QuestDetailViewController.m */,
				03836BFB16FBE57F004EED6B /* MapViewController.h */,
				03836BFC16FBE57F004EED6B /* MapViewController.m */,
			);
			name = Gameplay;
			sourceTree = "<group>";
		};
		0384EEA91712350F009EEED6 /* Accounts */ = {
			isa = PBXGroup;
			children = (
				03BCE64E16F11BBC00FCA1BF /* LoginViewController.h */,
				03BCE64F16F11BBC00FCA1BF /* LoginViewController.m */,
				037875D716F1ADA000F6195F /* SettingsViewController.h */,
				037875D816F1ADA100F6195F /* SettingsViewController.m */,
			);
			name = Accounts;
			sourceTree = "<group>";
		};
		0384EEAA1712352A009EEED6 /* Root Objects */ = {
			isa = PBXGroup;
			children = (
				03BCE64216F11BBC00FCA1BF /* AppDelegate.h */,
				03BCE64316F11BBC00FCA1BF /* AppDelegate.m */,
				0332100417027F9D00E8DB95 /* SidePanelViewController.h */,
				0332100517027F9D00E8DB95 /* SidePanelViewController.m */,
				0332100717027FA700E8DB95 /* LeftViewController.h */,
				0332100817027FA700E8DB95 /* LeftViewController.m */,
				035EDC1216F3FA5B000D54BF /* RootViewController.h */,
				035EDC1316F3FA5C000D54BF /* RootViewController.m */,
			);
			name = "Root Objects";
			sourceTree = "<group>";
		};
		03BCE62716F11BBC00FCA1BF = {
			isa = PBXGroup;
			children = (
				03BCE63916F11BBC00FCA1BF /* enQuest */,
				03BCE66816F11BBC00FCA1BF /* enQuestTests */,
				03BCE63216F11BBC00FCA1BF /* Frameworks */,
				03BCE63116F11BBC00FCA1BF /* Products */,
				6FE4DD4F0F704D73AACE9D16 /* Pods.xcconfig */,
			);
			sourceTree = "<group>";
		};
		03BCE63116F11BBC00FCA1BF /* Products */ = {
			isa = PBXGroup;
			children = (
				03BCE63016F11BBC00FCA1BF /* enQuest.app */,
				03BCE66116F11BBC00FCA1BF /* enQuestTests.octest */,
			);
			name = Products;
			sourceTree = "<group>";
		};
		03BCE63216F11BBC00FCA1BF /* Frameworks */ = {
			isa = PBXGroup;
			children = (
				0332100A17027FE100E8DB95 /* QuartzCore.framework */,
				03221D7A16FD6C140061A830 /* MobileCoreServices.framework */,
				03221D7816FD6C0D0061A830 /* SystemConfiguration.framework */,
				03221D7616FD6C030061A830 /* Security.framework */,
				03221D3E16FD6AAB0061A830 /* CoreData.framework */,
				03836BF916FBE142004EED6B /* MapKit.framework */,
				03836BF716FBDCFB004EED6B /* CoreLocation.framework */,
				03BCE63316F11BBC00FCA1BF /* UIKit.framework */,
				03BCE63516F11BBC00FCA1BF /* Foundation.framework */,
				03BCE63716F11BBC00FCA1BF /* CoreGraphics.framework */,
				03BCE66216F11BBC00FCA1BF /* SenTestingKit.framework */,
				D5D5FF424B1A4D55A5D67273 /* libPods.a */,
			);
			name = Frameworks;
			sourceTree = "<group>";
		};
		03BCE63916F11BBC00FCA1BF /* enQuest */ = {
			isa = PBXGroup;
			children = (
				03BCE64B16F11BBC00FCA1BF /* MainStoryboard.storyboard */,
				036FE4CF170FDC0A005E5CDE /* DataModel.xcdatamodeld */,
				0384EEAA1712352A009EEED6 /* Root Objects */,
				0384EEA8171234F3009EEED6 /* Gameplay */,
				03FBB04917015BB2001E2414 /* Draft Editing */,
				0384EEA91712350F009EEED6 /* Accounts */,
				033503FD17030D3200D98566 /* Custom UI Elements */,
				035EDC0C16F2F84B000D54BF /* Helpers */,
				032C739E16FC2A7800840696 /* Data Models */,
				03BCE63A16F11BBC00FCA1BF /* Supporting Files */,
			);
			path = enQuest;
			sourceTree = "<group>";
		};
		03BCE63A16F11BBC00FCA1BF /* Supporting Files */ = {
			isa = PBXGroup;
			children = (
				035EDC1516F42CA2000D54BF /* Constants.h */,
				035EDC1A16F44D41000D54BF /* Constants.m */,
				03BCE68616F1332400FCA1BF /* Macros */,
				033503FE170311E300D98566 /* cell_bg.png */,
				03350406170316C100D98566 /* settings_icon.png */,
				03350407170316C100D98566 /* settings_icon_white.png */,
				035EDC2416F50342000D54BF /* wow_icon_large.png */,
				035EDC2516F50342000D54BF /* wow_icon_small.png */,
				03FBB05C17016928001E2414 /* draft_icon.png */,
				03FBB060170169E0001E2414 /* quests_icon.png */,
				033504021703134A00D98566 /* map_icon.png */,
				03BCE65116F11BBC00FCA1BF /* first.png */,
				03BCE65316F11BBC00FCA1BF /* first@2x.png */,
				03BCE65816F11BBC00FCA1BF /* second.png */,
				03BCE65A16F11BBC00FCA1BF /* second@2x.png */,
				03BCE63B16F11BBC00FCA1BF /* enQuest-Info.plist */,
				03BCE63C16F11BBC00FCA1BF /* InfoPlist.strings */,
				03BCE63F16F11BBC00FCA1BF /* main.m */,
				03BCE64116F11BBC00FCA1BF /* enQuest-Prefix.pch */,
				03BCE64516F11BBC00FCA1BF /* Default.png */,
				03BCE64716F11BBC00FCA1BF /* Default@2x.png */,
				03BCE64916F11BBC00FCA1BF /* Default-568h@2x.png */,
			);
			name = "Supporting Files";
			sourceTree = "<group>";
		};
		03BCE66816F11BBC00FCA1BF /* enQuestTests */ = {
			isa = PBXGroup;
			children = (
				03BCE66E16F11BBC00FCA1BF /* enQuestTests.h */,
				03BCE66F16F11BBC00FCA1BF /* enQuestTests.m */,
				03BCE66916F11BBC00FCA1BF /* Supporting Files */,
			);
			path = enQuestTests;
			sourceTree = "<group>";
		};
		03BCE66916F11BBC00FCA1BF /* Supporting Files */ = {
			isa = PBXGroup;
			children = (
				03BCE66A16F11BBC00FCA1BF /* enQuestTests-Info.plist */,
				03BCE66B16F11BBC00FCA1BF /* InfoPlist.strings */,
			);
			name = "Supporting Files";
			sourceTree = "<group>";
		};
		03BCE68616F1332400FCA1BF /* Macros */ = {
			isa = PBXGroup;
			children = (
				03BCE68716F1333700FCA1BF /* SYNTHESIZE_GOD.h */,
				03CDC6E416FE56000088D16C /* CoreDataMacros.h */,
			);
			name = Macros;
			sourceTree = "<group>";
		};
		03FBB04917015BB2001E2414 /* Draft Editing */ = {
			isa = PBXGroup;
			children = (
				03CDC6E116FE50780088D16C /* DraftViewController.h */,
				03CDC6E216FE50780088D16C /* DraftViewController.m */,
				03CDC6E816FE6DFC0088D16C /* DraftEditorViewController.h */,
				03CDC6E916FE6DFC0088D16C /* DraftEditorViewController.m */,
				03CDC6EB16FE77DE0088D16C /* DraftSitesViewController.h */,
				03CDC6EC16FE77DF0088D16C /* DraftSitesViewController.m */,
				03FBB043170118DD001E2414 /* SiteEditorViewController.h */,
				03FBB044170118DD001E2414 /* SiteEditorViewController.m */,
				030ACAA317022C1F000F5C62 /* DependenciesViewController.h */,
				030ACAA417022C20000F5C62 /* DependenciesViewController.m */,
				03CDC6EE16FEA15A0088D16C /* TextFieldInputViewController.h */,
				03CDC6EF16FEA15B0088D16C /* TextFieldInputViewController.m */,
			);
			name = "Draft Editing";
			sourceTree = "<group>";
		};
/* End PBXGroup section */

/* Begin PBXNativeTarget section */
		03BCE62F16F11BBC00FCA1BF /* enQuest */ = {
			isa = PBXNativeTarget;
			buildConfigurationList = 03BCE67316F11BBC00FCA1BF /* Build configuration list for PBXNativeTarget "enQuest" */;
			buildPhases = (
				03BCE62C16F11BBC00FCA1BF /* Sources */,
				03BCE62D16F11BBC00FCA1BF /* Frameworks */,
				03BCE62E16F11BBC00FCA1BF /* Resources */,
				DE5403807B6845668CD53234 /* Copy Pods Resources */,
			);
			buildRules = (
			);
			dependencies = (
			);
			name = enQuest;
			productName = enQuest;
			productReference = 03BCE63016F11BBC00FCA1BF /* enQuest.app */;
			productType = "com.apple.product-type.application";
		};
		03BCE66016F11BBC00FCA1BF /* enQuestTests */ = {
			isa = PBXNativeTarget;
			buildConfigurationList = 03BCE67616F11BBC00FCA1BF /* Build configuration list for PBXNativeTarget "enQuestTests" */;
			buildPhases = (
				03BCE65C16F11BBC00FCA1BF /* Sources */,
				03BCE65D16F11BBC00FCA1BF /* Frameworks */,
				03BCE65E16F11BBC00FCA1BF /* Resources */,
				03BCE65F16F11BBC00FCA1BF /* ShellScript */,
			);
			buildRules = (
			);
			dependencies = (
				03BCE66716F11BBC00FCA1BF /* PBXTargetDependency */,
			);
			name = enQuestTests;
			productName = enQuestTests;
			productReference = 03BCE66116F11BBC00FCA1BF /* enQuestTests.octest */;
			productType = "com.apple.product-type.bundle";
		};
/* End PBXNativeTarget section */

/* Begin PBXProject section */
		03BCE62816F11BBC00FCA1BF /* Project object */ = {
			isa = PBXProject;
			attributes = {
				CLASSPREFIX = EQ;
				LastUpgradeCheck = 0460;
				ORGANIZATIONNAME = iteloolab;
			};
			buildConfigurationList = 03BCE62B16F11BBC00FCA1BF /* Build configuration list for PBXProject "enQuest" */;
			compatibilityVersion = "Xcode 3.2";
			developmentRegion = English;
			hasScannedForEncodings = 0;
			knownRegions = (
				en,
			);
			mainGroup = 03BCE62716F11BBC00FCA1BF;
			productRefGroup = 03BCE63116F11BBC00FCA1BF /* Products */;
			projectDirPath = "";
			projectRoot = "";
			targets = (
				03BCE62F16F11BBC00FCA1BF /* enQuest */,
				03BCE66016F11BBC00FCA1BF /* enQuestTests */,
			);
		};
/* End PBXProject section */

/* Begin PBXResourcesBuildPhase section */
		03BCE62E16F11BBC00FCA1BF /* Resources */ = {
			isa = PBXResourcesBuildPhase;
			buildActionMask = 2147483647;
			files = (
				03BCE63E16F11BBC00FCA1BF /* InfoPlist.strings in Resources */,
				03BCE64616F11BBC00FCA1BF /* Default.png in Resources */,
				03BCE64816F11BBC00FCA1BF /* Default@2x.png in Resources */,
				03BCE64A16F11BBC00FCA1BF /* Default-568h@2x.png in Resources */,
				03BCE64D16F11BBC00FCA1BF /* MainStoryboard.storyboard in Resources */,
				03BCE65216F11BBC00FCA1BF /* first.png in Resources */,
				03BCE65416F11BBC00FCA1BF /* first@2x.png in Resources */,
				03BCE65916F11BBC00FCA1BF /* second.png in Resources */,
				03BCE65B16F11BBC00FCA1BF /* second@2x.png in Resources */,
				035EDC2616F50342000D54BF /* wow_icon_large.png in Resources */,
				035EDC2716F50342000D54BF /* wow_icon_small.png in Resources */,
				03FBB05D17016928001E2414 /* draft_icon.png in Resources */,
				03FBB061170169E0001E2414 /* quests_icon.png in Resources */,
				033503FF170311E300D98566 /* cell_bg.png in Resources */,
				033504031703134A00D98566 /* map_icon.png in Resources */,
				03350408170316C100D98566 /* settings_icon.png in Resources */,
				03350409170316C100D98566 /* settings_icon_white.png in Resources */,
			);
			runOnlyForDeploymentPostprocessing = 0;
		};
		03BCE65E16F11BBC00FCA1BF /* Resources */ = {
			isa = PBXResourcesBuildPhase;
			buildActionMask = 2147483647;
			files = (
				03BCE66D16F11BBC00FCA1BF /* InfoPlist.strings in Resources */,
			);
			runOnlyForDeploymentPostprocessing = 0;
		};
/* End PBXResourcesBuildPhase section */

/* Begin PBXShellScriptBuildPhase section */
		03BCE65F16F11BBC00FCA1BF /* ShellScript */ = {
			isa = PBXShellScriptBuildPhase;
			buildActionMask = 2147483647;
			files = (
			);
			inputPaths = (
			);
			outputPaths = (
			);
			runOnlyForDeploymentPostprocessing = 0;
			shellPath = /bin/sh;
			shellScript = "# Run the unit tests in this test bundle.\n\"${SYSTEM_DEVELOPER_DIR}/Tools/RunUnitTests\"\n";
		};
		DE5403807B6845668CD53234 /* Copy Pods Resources */ = {
			isa = PBXShellScriptBuildPhase;
			buildActionMask = 2147483647;
			files = (
			);
			inputPaths = (
			);
			name = "Copy Pods Resources";
			outputPaths = (
			);
			runOnlyForDeploymentPostprocessing = 0;
			shellPath = /bin/sh;
			shellScript = "\"${SRCROOT}/Pods/Pods-resources.sh\"\n";
		};
/* End PBXShellScriptBuildPhase section */

/* Begin PBXSourcesBuildPhase section */
		03BCE62C16F11BBC00FCA1BF /* Sources */ = {
			isa = PBXSourcesBuildPhase;
			buildActionMask = 2147483647;
			files = (
				03BCE64016F11BBC00FCA1BF /* main.m in Sources */,
				03BCE64416F11BBC00FCA1BF /* AppDelegate.m in Sources */,
				03BCE65016F11BBC00FCA1BF /* LoginViewController.m in Sources */,
				037875D916F1ADA100F6195F /* SettingsViewController.m in Sources */,
				035EDC1116F3EF74000D54BF /* QuestViewController.m in Sources */,
				035EDC1416F3FA5C000D54BF /* RootViewController.m in Sources */,
				035EDC1B16F44D41000D54BF /* Constants.m in Sources */,
				03836BFD16FBE57F004EED6B /* MapViewController.m in Sources */,
				03221D2B16FD6A740061A830 /* Game.m in Sources */,
				03221D3A16FD6A750061A830 /* Visit.m in Sources */,
				03221D8116FD78CD0061A830 /* CoreDataManager.m in Sources */,
				03221D8416FD814B0061A830 /* User.m in Sources */,
				03221D8716FD865B0061A830 /* UserManager.m in Sources */,
				03CDC6E316FE50780088D16C /* DraftViewController.m in Sources */,
				03CDC6EA16FE6DFD0088D16C /* DraftEditorViewController.m in Sources */,
				03CDC6ED16FE77DF0088D16C /* DraftSitesViewController.m in Sources */,
				03CDC6F016FEA15D0088D16C /* TextFieldInputViewController.m in Sources */,
				03FBB045170118DD001E2414 /* SiteEditorViewController.m in Sources */,
				030ACA9F17021689000F5C62 /* Site.m in Sources */,
				030ACAA2170216ED000F5C62 /* Quest.m in Sources */,
				030ACAA517022C20000F5C62 /* DependenciesViewController.m in Sources */,
				0332100617027F9D00E8DB95 /* SidePanelViewController.m in Sources */,
				0332100917027FA700E8DB95 /* LeftViewController.m in Sources */,
				033210101702FC7900E8DB95 /* QuestCell.m in Sources */,
				033503F717030BAC00D98566 /* HighlightingTextView.m in Sources */,
				033503FC17030D2800D98566 /* MenuCell.m in Sources */,
				036FE4D1170FDC0B005E5CDE /* DataModel.xcdatamodeld in Sources */,
				0384EEAD17123566009EEED6 /* GameManager.m in Sources */,
				0384EEB01713C9B5009EEED6 /* LocationManager.m in Sources */,
				0384EEB31713F4F4009EEED6 /* QuestDetailViewController.m in Sources */,
			);
			runOnlyForDeploymentPostprocessing = 0;
		};
		03BCE65C16F11BBC00FCA1BF /* Sources */ = {
			isa = PBXSourcesBuildPhase;
			buildActionMask = 2147483647;
			files = (
				03BCE67016F11BBC00FCA1BF /* enQuestTests.m in Sources */,
			);
			runOnlyForDeploymentPostprocessing = 0;
		};
/* End PBXSourcesBuildPhase section */

/* Begin PBXTargetDependency section */
		03BCE66716F11BBC00FCA1BF /* PBXTargetDependency */ = {
			isa = PBXTargetDependency;
			target = 03BCE62F16F11BBC00FCA1BF /* enQuest */;
			targetProxy = 03BCE66616F11BBC00FCA1BF /* PBXContainerItemProxy */;
		};
/* End PBXTargetDependency section */

/* Begin PBXVariantGroup section */
		03BCE63C16F11BBC00FCA1BF /* InfoPlist.strings */ = {
			isa = PBXVariantGroup;
			children = (
				03BCE63D16F11BBC00FCA1BF /* en */,
			);
			name = InfoPlist.strings;
			sourceTree = "<group>";
		};
		03BCE64B16F11BBC00FCA1BF /* MainStoryboard.storyboard */ = {
			isa = PBXVariantGroup;
			children = (
				03BCE64C16F11BBC00FCA1BF /* en */,
			);
			name = MainStoryboard.storyboard;
			sourceTree = "<group>";
		};
		03BCE66B16F11BBC00FCA1BF /* InfoPlist.strings */ = {
			isa = PBXVariantGroup;
			children = (
				03BCE66C16F11BBC00FCA1BF /* en */,
			);
			name = InfoPlist.strings;
			sourceTree = "<group>";
		};
/* End PBXVariantGroup section */

/* Begin XCBuildConfiguration section */
		03BCE67116F11BBC00FCA1BF /* Debug */ = {
			isa = XCBuildConfiguration;
			buildSettings = {
				ALWAYS_SEARCH_USER_PATHS = NO;
				CLANG_CXX_LANGUAGE_STANDARD = "gnu++0x";
				CLANG_CXX_LIBRARY = "libc++";
				CLANG_ENABLE_OBJC_ARC = YES;
				CLANG_WARN_CONSTANT_CONVERSION = YES;
				CLANG_WARN_EMPTY_BODY = YES;
				CLANG_WARN_ENUM_CONVERSION = YES;
				CLANG_WARN_INT_CONVERSION = YES;
				CLANG_WARN__DUPLICATE_METHOD_MATCH = YES;
				"CODE_SIGN_IDENTITY[sdk=iphoneos*]" = "iPhone Developer";
				COPY_PHASE_STRIP = NO;
				GCC_C_LANGUAGE_STANDARD = gnu99;
				GCC_DYNAMIC_NO_PIC = NO;
				GCC_OPTIMIZATION_LEVEL = 0;
				GCC_PREPROCESSOR_DEFINITIONS = (
					"DEBUG=1",
					"$(inherited)",
				);
				GCC_SYMBOLS_PRIVATE_EXTERN = NO;
				GCC_WARN_ABOUT_RETURN_TYPE = YES;
				GCC_WARN_UNINITIALIZED_AUTOS = YES;
				GCC_WARN_UNUSED_VARIABLE = YES;
				IPHONEOS_DEPLOYMENT_TARGET = 5.0;
				ONLY_ACTIVE_ARCH = YES;
				SDKROOT = iphoneos;
			};
			name = Debug;
		};
		03BCE67216F11BBC00FCA1BF /* Release */ = {
			isa = XCBuildConfiguration;
			buildSettings = {
				ALWAYS_SEARCH_USER_PATHS = NO;
				CLANG_CXX_LANGUAGE_STANDARD = "gnu++0x";
				CLANG_CXX_LIBRARY = "libc++";
				CLANG_ENABLE_OBJC_ARC = YES;
				CLANG_WARN_CONSTANT_CONVERSION = YES;
				CLANG_WARN_EMPTY_BODY = YES;
				CLANG_WARN_ENUM_CONVERSION = YES;
				CLANG_WARN_INT_CONVERSION = YES;
				CLANG_WARN__DUPLICATE_METHOD_MATCH = YES;
				"CODE_SIGN_IDENTITY[sdk=iphoneos*]" = "iPhone Developer";
				COPY_PHASE_STRIP = YES;
				GCC_C_LANGUAGE_STANDARD = gnu99;
				GCC_WARN_ABOUT_RETURN_TYPE = YES;
				GCC_WARN_UNINITIALIZED_AUTOS = YES;
				GCC_WARN_UNUSED_VARIABLE = YES;
				IPHONEOS_DEPLOYMENT_TARGET = 5.0;
				OTHER_CFLAGS = "-DNS_BLOCK_ASSERTIONS=1";
				SDKROOT = iphoneos;
				VALIDATE_PRODUCT = YES;
			};
			name = Release;
		};
		03BCE67416F11BBC00FCA1BF /* Debug */ = {
			isa = XCBuildConfiguration;
			baseConfigurationReference = 6FE4DD4F0F704D73AACE9D16 /* Pods.xcconfig */;
			buildSettings = {
				GCC_PRECOMPILE_PREFIX_HEADER = YES;
				GCC_PREFIX_HEADER = "enQuest/enQuest-Prefix.pch";
				INFOPLIST_FILE = "enQuest/enQuest-Info.plist";
				LIBRARY_SEARCH_PATHS = "$(inherited)";
				OTHER_LDFLAGS = "-ObjC";
				PRODUCT_NAME = "$(TARGET_NAME)";
				WRAPPER_EXTENSION = app;
			};
			name = Debug;
		};
		03BCE67516F11BBC00FCA1BF /* Release */ = {
			isa = XCBuildConfiguration;
			baseConfigurationReference = 6FE4DD4F0F704D73AACE9D16 /* Pods.xcconfig */;
			buildSettings = {
				GCC_PRECOMPILE_PREFIX_HEADER = YES;
				GCC_PREFIX_HEADER = "enQuest/enQuest-Prefix.pch";
				INFOPLIST_FILE = "enQuest/enQuest-Info.plist";
				LIBRARY_SEARCH_PATHS = "$(inherited)";
				OTHER_LDFLAGS = "-ObjC";
				PRODUCT_NAME = "$(TARGET_NAME)";
				WRAPPER_EXTENSION = app;
			};
			name = Release;
		};
		03BCE67716F11BBC00FCA1BF /* Debug */ = {
			isa = XCBuildConfiguration;
			buildSettings = {
				BUNDLE_LOADER = "$(BUILT_PRODUCTS_DIR)/enQuest.app/enQuest";
				FRAMEWORK_SEARCH_PATHS = (
					"\"$(SDKROOT)/Developer/Library/Frameworks\"",
					"\"$(DEVELOPER_LIBRARY_DIR)/Frameworks\"",
				);
				GCC_PRECOMPILE_PREFIX_HEADER = YES;
				GCC_PREFIX_HEADER = "enQuest/enQuest-Prefix.pch";
				INFOPLIST_FILE = "enQuestTests/enQuestTests-Info.plist";
				PRODUCT_NAME = "$(TARGET_NAME)";
				TEST_HOST = "$(BUNDLE_LOADER)";
				WRAPPER_EXTENSION = octest;
			};
			name = Debug;
		};
		03BCE67816F11BBC00FCA1BF /* Release */ = {
			isa = XCBuildConfiguration;
			buildSettings = {
				BUNDLE_LOADER = "$(BUILT_PRODUCTS_DIR)/enQuest.app/enQuest";
				FRAMEWORK_SEARCH_PATHS = (
					"\"$(SDKROOT)/Developer/Library/Frameworks\"",
					"\"$(DEVELOPER_LIBRARY_DIR)/Frameworks\"",
				);
				GCC_PRECOMPILE_PREFIX_HEADER = YES;
				GCC_PREFIX_HEADER = "enQuest/enQuest-Prefix.pch";
				INFOPLIST_FILE = "enQuestTests/enQuestTests-Info.plist";
				PRODUCT_NAME = "$(TARGET_NAME)";
				TEST_HOST = "$(BUNDLE_LOADER)";
				WRAPPER_EXTENSION = octest;
			};
			name = Release;
		};
/* End XCBuildConfiguration section */

/* Begin XCConfigurationList section */
		03BCE62B16F11BBC00FCA1BF /* Build configuration list for PBXProject "enQuest" */ = {
			isa = XCConfigurationList;
			buildConfigurations = (
				03BCE67116F11BBC00FCA1BF /* Debug */,
				03BCE67216F11BBC00FCA1BF /* Release */,
			);
			defaultConfigurationIsVisible = 0;
			defaultConfigurationName = Release;
		};
		03BCE67316F11BBC00FCA1BF /* Build configuration list for PBXNativeTarget "enQuest" */ = {
			isa = XCConfigurationList;
			buildConfigurations = (
				03BCE67416F11BBC00FCA1BF /* Debug */,
				03BCE67516F11BBC00FCA1BF /* Release */,
			);
			defaultConfigurationIsVisible = 0;
			defaultConfigurationName = Release;
		};
		03BCE67616F11BBC00FCA1BF /* Build configuration list for PBXNativeTarget "enQuestTests" */ = {
			isa = XCConfigurationList;
			buildConfigurations = (
				03BCE67716F11BBC00FCA1BF /* Debug */,
				03BCE67816F11BBC00FCA1BF /* Release */,
			);
			defaultConfigurationIsVisible = 0;
			defaultConfigurationName = Release;
		};
/* End XCConfigurationList section */

/* Begin XCVersionGroup section */
		036FE4CF170FDC0A005E5CDE /* DataModel.xcdatamodeld */ = {
			isa = XCVersionGroup;
			children = (
				036FE4D0170FDC0B005E5CDE /* DataModel.xcdatamodel */,
			);
			currentVersion = 036FE4D0170FDC0B005E5CDE /* DataModel.xcdatamodel */;
			path = DataModel.xcdatamodeld;
			sourceTree = "<group>";
			versionGroupType = wrapper.xcdatamodel;
		};
/* End XCVersionGroup section */
	};
	rootObject = 03BCE62816F11BBC00FCA1BF /* Project object */;
}
